
Microsoft Visual Studio Solution File, Format Version 12.00
# Visual Studio 15
Project("{FAE04EC0-301F-11D3-BF4B-00C04F79EFBC}") = "UniRx", "UniRx.csproj", "{44959B48-2449-29DD-87EB-7EF4B2CAF324}"
EndProject
Project("{FAE04EC0-301F-11D3-BF4B-00C04F79EFBC}") = "Assembly-CSharp", "Assembly-CSharp.csproj", "{189E3DE7-AFD6-FCE6-40B0-6FA3E4F27E72}"
EndProject
Project("{FAE04EC0-301F-11D3-BF4B-00C04F79EFBC}") = "UniRx.Async", "UniRx.Async.csproj", "{9CD28017-351B-4929-5394-340A48AFA59C}"
EndProject
Project("{FAE04EC0-301F-11D3-BF4B-00C04F79EFBC}") = "UniRx.Examples", "UniRx.Examples.csproj", "{C450CB12-4099-95B2-1F89-824EA7949E66}"
EndProject
Project("{FAE04EC0-301F-11D3-BF4B-00C04F79EFBC}") = "Assembly-CSharp-Editor", "Assembly-CSharp-Editor.csproj", "{DAF3F1D4-819A-5899-9177-4BD40EE7DCF2}"
EndProject
Project("{FAE04EC0-301F-11D3-BF4B-00C04F79EFBC}") = "UniRx.Async.Editor", "UniRx.Async.Editor.csproj", "{F14CAA72-B33E-3E23-B01B-DFE98295A10D}"
EndProject
Global
	GlobalSection(SolutionConfigurationPlatforms) = preSolution
		Debug|Any CPU = Debug|Any CPU
		Release|Any CPU = Release|Any CPU
	EndGlobalSection
	GlobalSection(ProjectConfigurationPlatforms) = postSolution
		{44959B48-2449-29DD-87EB-7EF4B2CAF324}.Debug|Any CPU.ActiveCfg = Debug|Any CPU
		{44959B48-2449-29DD-87EB-7EF4B2CAF324}.Debug|Any CPU.Build.0 = Debug|Any CPU
		{44959B48-2449-29DD-87EB-7EF4B2CAF324}.Release|Any CPU.ActiveCfg = Release|Any CPU
		{44959B48-2449-29DD-87EB-7EF4B2CAF324}.Release|Any CPU.Build.0 = Release|Any CPU
		{189E3DE7-AFD6-FCE6-40B0-6FA3E4F27E72}.Debug|Any CPU.ActiveCfg = Debug|Any CPU
		{189E3DE7-AFD6-FCE6-40B0-6FA3E4F27E72}.Debug|Any CPU.Build.0 = Debug|Any CPU
		{189E3DE7-AFD6-FCE6-40B0-6FA3E4F27E72}.Release|Any CPU.ActiveCfg = Release|Any CPU
		{189E3DE7-AFD6-FCE6-40B0-6FA3E4F27E72}.Release|Any CPU.Build.0 = Release|Any CPU
		{9CD28017-351B-4929-5394-340A48AFA59C}.Debug|Any CPU.ActiveCfg = Debug|Any CPU
		{9CD28017-351B-4929-5394-340A48AFA59C}.Debug|Any CPU.Build.0 = Debug|Any CPU
		{9CD28017-351B-4929-5394-340A48AFA59C}.Release|Any CPU.ActiveCfg = Release|Any CPU
		{9CD28017-351B-4929-5394-340A48AFA59C}.Release|Any CPU.Build.0 = Release|Any CPU
		{C450CB12-4099-95B2-1F89-824EA7949E66}.Debug|Any CPU.ActiveCfg = Debug|Any CPU
		{C450CB12-4099-95B2-1F89-824EA7949E66}.Debug|Any CPU.Build.0 = Debug|Any CPU
		{C450CB12-4099-95B2-1F89-824EA7949E66}.Release|Any CPU.ActiveCfg = Release|Any CPU
		{C450CB12-4099-95B2-1F89-824EA7949E66}.Release|Any CPU.Build.0 = Release|Any CPU
		{DAF3F1D4-819A-5899-9177-4BD40EE7DCF2}.Debug|Any CPU.ActiveCfg = Debug|Any CPU
		{DAF3F1D4-819A-5899-9177-4BD40EE7DCF2}.Debug|Any CPU.Build.0 = Debug|Any CPU
		{DAF3F1D4-819A-5899-9177-4BD40EE7DCF2}.Release|Any CPU.ActiveCfg = Release|Any CPU
		{DAF3F1D4-819A-5899-9177-4BD40EE7DCF2}.Release|Any CPU.Build.0 = Release|Any CPU
		{F14CAA72-B33E-3E23-B01B-DFE98295A10D}.Debug|Any CPU.ActiveCfg = Debug|Any CPU
		{F14CAA72-B33E-3E23-B01B-DFE98295A10D}.Debug|Any CPU.Build.0 = Debug|Any CPU
		{F14CAA72-B33E-3E23-B01B-DFE98295A10D}.Release|Any CPU.ActiveCfg = Release|Any CPU
		{F14CAA72-B33E-3E23-B01B-DFE98295A10D}.Release|Any CPU.Build.0 = Release|Any CPU
	EndGlobalSection
	GlobalSection(SolutionProperties) = preSolution
		HideSolutionNode = FALSE
	EndGlobalSection
EndGlobal
