
Microsoft Visual Studio Solution File, Format Version 12.00
# Visual Studio 15
Project("{FAE04EC0-301F-11D3-BF4B-00C04F79EFBC}") = "UniRx", "UniRx.csproj", "{259F24FD-8FBF-05F4-86DE-79F6E606CD78}"
EndProject
Project("{FAE04EC0-301F-11D3-BF4B-00C04F79EFBC}") = "Assembly-CSharp", "Assembly-CSharp.csproj", "{CA14CB08-9047-6A07-33D0-79008C803597}"
EndProject
Project("{FAE04EC0-301F-11D3-BF4B-00C04F79EFBC}") = "UniRx.Async", "UniRx.Async.csproj", "{E7CBB9CF-26E8-3B68-F8AD-66E6359184B8}"
EndProject
Project("{FAE04EC0-301F-11D3-BF4B-00C04F79EFBC}") = "UniRx.Examples", "UniRx.Examples.csproj", "{AB4F8E10-FCCB-39EC-C68C-98CF2CCC96E2}"
EndProject
Project("{FAE04EC0-301F-11D3-BF4B-00C04F79EFBC}") = "Assembly-CSharp-firstpass", "Assembly-CSharp-firstpass.csproj", "{A0B8A3E7-17B9-BF72-D2A8-0FBBBAC84EF6}"
EndProject
Project("{FAE04EC0-301F-11D3-BF4B-00C04F79EFBC}") = "Assembly-CSharp-Editor-firstpass", "Assembly-CSharp-Editor-firstpass.csproj", "{38D1A852-ACE0-F280-4CFB-F73BA02B7237}"
EndProject
Project("{FAE04EC0-301F-11D3-BF4B-00C04F79EFBC}") = "Assembly-CSharp-Editor", "Assembly-CSharp-Editor.csproj", "{9E175965-58B9-8EE5-ED03-D3D0198010C7}"
EndProject
Project("{FAE04EC0-301F-11D3-BF4B-00C04F79EFBC}") = "UniRx.Async.Editor", "UniRx.Async.Editor.csproj", "{A13565E0-9BA9-B0AC-C42C-BEC2A0C6E051}"
EndProject
Global
	GlobalSection(SolutionConfigurationPlatforms) = preSolution
		Debug|Any CPU = Debug|Any CPU
		Release|Any CPU = Release|Any CPU
	EndGlobalSection
	GlobalSection(ProjectConfigurationPlatforms) = postSolution
		{259F24FD-8FBF-05F4-86DE-79F6E606CD78}.Debug|Any CPU.ActiveCfg = Debug|Any CPU
		{259F24FD-8FBF-05F4-86DE-79F6E606CD78}.Debug|Any CPU.Build.0 = Debug|Any CPU
		{259F24FD-8FBF-05F4-86DE-79F6E606CD78}.Release|Any CPU.ActiveCfg = Release|Any CPU
		{259F24FD-8FBF-05F4-86DE-79F6E606CD78}.Release|Any CPU.Build.0 = Release|Any CPU
		{CA14CB08-9047-6A07-33D0-79008C803597}.Debug|Any CPU.ActiveCfg = Debug|Any CPU
		{CA14CB08-9047-6A07-33D0-79008C803597}.Debug|Any CPU.Build.0 = Debug|Any CPU
		{CA14CB08-9047-6A07-33D0-79008C803597}.Release|Any CPU.ActiveCfg = Release|Any CPU
		{CA14CB08-9047-6A07-33D0-79008C803597}.Release|Any CPU.Build.0 = Release|Any CPU
		{E7CBB9CF-26E8-3B68-F8AD-66E6359184B8}.Debug|Any CPU.ActiveCfg = Debug|Any CPU
		{E7CBB9CF-26E8-3B68-F8AD-66E6359184B8}.Debug|Any CPU.Build.0 = Debug|Any CPU
		{E7CBB9CF-26E8-3B68-F8AD-66E6359184B8}.Release|Any CPU.ActiveCfg = Release|Any CPU
		{E7CBB9CF-26E8-3B68-F8AD-66E6359184B8}.Release|Any CPU.Build.0 = Release|Any CPU
		{AB4F8E10-FCCB-39EC-C68C-98CF2CCC96E2}.Debug|Any CPU.ActiveCfg = Debug|Any CPU
		{AB4F8E10-FCCB-39EC-C68C-98CF2CCC96E2}.Debug|Any CPU.Build.0 = Debug|Any CPU
		{AB4F8E10-FCCB-39EC-C68C-98CF2CCC96E2}.Release|Any CPU.ActiveCfg = Release|Any CPU
		{AB4F8E10-FCCB-39EC-C68C-98CF2CCC96E2}.Release|Any CPU.Build.0 = Release|Any CPU
		{A0B8A3E7-17B9-BF72-D2A8-0FBBBAC84EF6}.Debug|Any CPU.ActiveCfg = Debug|Any CPU
		{A0B8A3E7-17B9-BF72-D2A8-0FBBBAC84EF6}.Debug|Any CPU.Build.0 = Debug|Any CPU
		{A0B8A3E7-17B9-BF72-D2A8-0FBBBAC84EF6}.Release|Any CPU.ActiveCfg = Release|Any CPU
		{A0B8A3E7-17B9-BF72-D2A8-0FBBBAC84EF6}.Release|Any CPU.Build.0 = Release|Any CPU
		{38D1A852-ACE0-F280-4CFB-F73BA02B7237}.Debug|Any CPU.ActiveCfg = Debug|Any CPU
		{38D1A852-ACE0-F280-4CFB-F73BA02B7237}.Debug|Any CPU.Build.0 = Debug|Any CPU
		{38D1A852-ACE0-F280-4CFB-F73BA02B7237}.Release|Any CPU.ActiveCfg = Release|Any CPU
		{38D1A852-ACE0-F280-4CFB-F73BA02B7237}.Release|Any CPU.Build.0 = Release|Any CPU
		{9E175965-58B9-8EE5-ED03-D3D0198010C7}.Debug|Any CPU.ActiveCfg = Debug|Any CPU
		{9E175965-58B9-8EE5-ED03-D3D0198010C7}.Debug|Any CPU.Build.0 = Debug|Any CPU
		{9E175965-58B9-8EE5-ED03-D3D0198010C7}.Release|Any CPU.ActiveCfg = Release|Any CPU
		{9E175965-58B9-8EE5-ED03-D3D0198010C7}.Release|Any CPU.Build.0 = Release|Any CPU
		{A13565E0-9BA9-B0AC-C42C-BEC2A0C6E051}.Debug|Any CPU.ActiveCfg = Debug|Any CPU
		{A13565E0-9BA9-B0AC-C42C-BEC2A0C6E051}.Debug|Any CPU.Build.0 = Debug|Any CPU
		{A13565E0-9BA9-B0AC-C42C-BEC2A0C6E051}.Release|Any CPU.ActiveCfg = Release|Any CPU
		{A13565E0-9BA9-B0AC-C42C-BEC2A0C6E051}.Release|Any CPU.Build.0 = Release|Any CPU
	EndGlobalSection
	GlobalSection(SolutionProperties) = preSolution
		HideSolutionNode = FALSE
	EndGlobalSection
EndGlobal
